symfony v2.0.15
twig v1.8.2
monolog 1.0.2
doctrine-common 2.1.4
doctrine-dbal 2.1.7
doctrine 2.1.7
swiftmailer v4.1.7
assetic v1.0.3
twig-extensions feb6d3f10c411e2631997c0a905aa581c80305c1
metadata 1.0.0
SensioFrameworkExtraBundle 85911039aca2ef39805640d9238c7157d8c30d2e
JMSSecurityExtraBundle e752f888c51425f71382c056961f10f2be642102
SensioDistributionBundle 41a6c5caed65f02bb09c95a90579f047616471fd
SensioGeneratorBundle c0118ce370f8da20e43051f2dd1ae331a202ab9c
AsseticBundle v1.0.1
FOSUserBundle 93b174df2ca884a70ecd99cd12adc29c378ca053
SonatajQueryBundle 785870afce016cc387fadb361ad52c3d4a2e7fe6
SonataAdminBundle a25d8c0e084ed4a175b89a93e93bdea2cf5563ab
MenuBundle ba1ff625e4b34131106e12ee475eb6397eb5a758
KnpMenu 418788056ba5b95f4a2717ba5b4d4ab078aca4ab
SonataUserBundle 19f2f5c4ca5c4ce05c5b0628ca1d1a69c35f7dae
SonataEasyExtendsBundle 4590e4ee970c031deae56c7cd18f71f77aeceb3c
SonataDoctrineORMAdminBundle c3c3df63e6947b83e6f8e450fb9aa5cafddf5405
SonataNotificationBundle 6cab9c2c29d3ff0a0430a2a6964f6ba6a8915168
PhpAmqplib 5772542542bd061d023fe4266dda74db7ee43144
SonataDoctrineExtensions 
